// !$*UTF8*$!
{
	archiveVersion = 1;
	classes = {
	};
	objectVersion = 50;
	objects = {

/* Begin PBXBuildFile section */
		A14BB9B62349113D002DA601 /* Event.cpp in Sources */ = {isa = PBXBuildFile; fileRef = A14BB9AC2349113D002DA601 /* Event.cpp */; };
		A14BB9B82349113D002DA601 /* interpolate.cpp in Sources */ = {isa = PBXBuildFile; fileRef = A14BB9B02349113D002DA601 /* interpolate.cpp */; };
		A14BB9B92349113D002DA601 /* main.cpp in Sources */ = {isa = PBXBuildFile; fileRef = A14BB9B22349113D002DA601 /* main.cpp */; };
		A14BB9BB2349113D002DA601 /* MatrixMath.cpp in Sources */ = {isa = PBXBuildFile; fileRef = A14BB9B42349113D002DA601 /* MatrixMath.cpp */; };
		C632C34C231876D7003BB237 /* OpenGL.framework in Frameworks */ = {isa = PBXBuildFile; fileRef = C632C34B231876D7003BB237 /* OpenGL.framework */; };
		C632C34E231876E1003BB237 /* GLUT.framework in Frameworks */ = {isa = PBXBuildFile; fileRef = C632C34D231876E1003BB237 /* GLUT.framework */; };
/* End PBXBuildFile section */

/* Begin PBXCopyFilesBuildPhase section */
		C632C33E2318765F003BB237 /* CopyFiles */ = {
			isa = PBXCopyFilesBuildPhase;
			buildActionMask = 2147483647;
			dstPath = /usr/share/man/man1/;
			dstSubfolderSpec = 0;
			files = (
			);
			runOnlyForDeploymentPostprocessing = 1;
		};
/* End PBXCopyFilesBuildPhase section */

/* Begin PBXFileReference section */
		A14BB9AC2349113D002DA601 /* Event.cpp */ = {isa = PBXFileReference; fileEncoding = 4; lastKnownFileType = sourcecode.cpp.cpp; path = Event.cpp; sourceTree = "<group>"; };
		A14BB9AD2349113D002DA601 /* Event.hpp */ = {isa = PBXFileReference; fileEncoding = 4; lastKnownFileType = sourcecode.cpp.h; path = Event.hpp; sourceTree = "<group>"; };
		A14BB9B02349113D002DA601 /* interpolate.cpp */ = {isa = PBXFileReference; fileEncoding = 4; lastKnownFileType = sourcecode.cpp.cpp; path = interpolate.cpp; sourceTree = "<group>"; };
		A14BB9B12349113D002DA601 /* interpolate.hpp */ = {isa = PBXFileReference; fileEncoding = 4; lastKnownFileType = sourcecode.cpp.h; path = interpolate.hpp; sourceTree = "<group>"; };
		A14BB9B22349113D002DA601 /* main.cpp */ = {isa = PBXFileReference; fileEncoding = 4; lastKnownFileType = sourcecode.cpp.cpp; path = main.cpp; sourceTree = "<group>"; };
		A14BB9B42349113D002DA601 /* MatrixMath.cpp */ = {isa = PBXFileReference; fileEncoding = 4; lastKnownFileType = sourcecode.cpp.cpp; path = MatrixMath.cpp; sourceTree = "<group>"; };
		A14BB9B52349113D002DA601 /* MatrixMath.hpp */ = {isa = PBXFileReference; fileEncoding = 4; lastKnownFileType = sourcecode.cpp.h; path = MatrixMath.hpp; sourceTree = "<group>"; };
		C632C3402318765F003BB237 /* SimpleGlut */ = {isa = PBXFileReference; explicitFileType = "compiled.mach-o.executable"; includeInIndex = 0; path = SimpleGlut; sourceTree = BUILT_PRODUCTS_DIR; };
		C632C34B231876D7003BB237 /* OpenGL.framework */ = {isa = PBXFileReference; lastKnownFileType = wrapper.framework; name = OpenGL.framework; path = System/Library/Frameworks/OpenGL.framework; sourceTree = SDKROOT; };
		C632C34D231876E1003BB237 /* GLUT.framework */ = {isa = PBXFileReference; lastKnownFileType = wrapper.framework; name = GLUT.framework; path = System/Library/Frameworks/GLUT.framework; sourceTree = SDKROOT; };
/* End PBXFileReference section */

/* Begin PBXFrameworksBuildPhase section */
		C632C33D2318765F003BB237 /* Frameworks */ = {
			isa = PBXFrameworksBuildPhase;
			buildActionMask = 2147483647;
			files = (
				C632C34E231876E1003BB237 /* GLUT.framework in Frameworks */,
				C632C34C231876D7003BB237 /* OpenGL.framework in Frameworks */,
			);
			runOnlyForDeploymentPostprocessing = 0;
		};
/* End PBXFrameworksBuildPhase section */

/* Begin PBXGroup section */
		A14BB9AB2349113D002DA601 /* KeyFraming */ = {
			isa = PBXGroup;
			children = (
				A14BB9AC2349113D002DA601 /* Event.cpp */,
				A14BB9AD2349113D002DA601 /* Event.hpp */,
				A14BB9B02349113D002DA601 /* interpolate.cpp */,
				A14BB9B12349113D002DA601 /* interpolate.hpp */,
				A14BB9B22349113D002DA601 /* main.cpp */,
				A14BB9B42349113D002DA601 /* MatrixMath.cpp */,
				A14BB9B52349113D002DA601 /* MatrixMath.hpp */,
			);
			path = KeyFraming;
			sourceTree = "<group>";
		};
		C632C3372318765F003BB237 = {
			isa = PBXGroup;
			children = (
				A14BB9AB2349113D002DA601 /* KeyFraming */,
				C632C3412318765F003BB237 /* Products */,
				C632C34A231876D7003BB237 /* Frameworks */,
			);
			sourceTree = "<group>";
		};
		C632C3412318765F003BB237 /* Products */ = {
			isa = PBXGroup;
			children = (
				C632C3402318765F003BB237 /* SimpleGlut */,
			);
			name = Products;
			sourceTree = "<group>";
		};
		C632C34A231876D7003BB237 /* Frameworks */ = {
			isa = PBXGroup;
			children = (
				C632C34D231876E1003BB237 /* GLUT.framework */,
				C632C34B231876D7003BB237 /* OpenGL.framework */,
			);
			name = Frameworks;
			sourceTree = "<group>";
		};
/* End PBXGroup section */

/* Begin PBXNativeTarget section */
		C632C33F2318765F003BB237 /* SimpleGlut */ = {
			isa = PBXNativeTarget;
			buildConfigurationList = C632C3472318765F003BB237 /* Build configuration list for PBXNativeTarget "SimpleGlut" */;
			buildPhases = (
				C632C33C2318765F003BB237 /* Sources */,
				C632C33D2318765F003BB237 /* Frameworks */,
				C632C33E2318765F003BB237 /* CopyFiles */,
			);
			buildRules = (
			);
			dependencies = (
			);
			name = SimpleGlut;
			productName = SimpleGlut;
			productReference = C632C3402318765F003BB237 /* SimpleGlut */;
			productType = "com.apple.product-type.tool";
		};
/* End PBXNativeTarget section */

/* Begin PBXProject section */
		C632C3382318765F003BB237 /* Project object */ = {
			isa = PBXProject;
			attributes = {
				LastUpgradeCheck = 1010;
				ORGANIZATIONNAME = lab;
				TargetAttributes = {
					C632C33F2318765F003BB237 = {
						CreatedOnToolsVersion = 10.1;
					};
				};
			};
			buildConfigurationList = C632C33B2318765F003BB237 /* Build configuration list for PBXProject "KeyFraming" */;
			compatibilityVersion = "Xcode 9.3";
			developmentRegion = en;
			hasScannedForEncodings = 0;
			knownRegions = (
				en,
			);
			mainGroup = C632C3372318765F003BB237;
			productRefGroup = C632C3412318765F003BB237 /* Products */;
			projectDirPath = "";
			projectRoot = "";
			targets = (
				C632C33F2318765F003BB237 /* SimpleGlut */,
			);
		};
/* End PBXProject section */

/* Begin PBXSourcesBuildPhase section */
		C632C33C2318765F003BB237 /* Sources */ = {
			isa = PBXSourcesBuildPhase;
			buildActionMask = 2147483647;
			files = (
				A14BB9B82349113D002DA601 /* interpolate.cpp in Sources */,
				A14BB9B62349113D002DA601 /* Event.cpp in Sources */,
				A14BB9BB2349113D002DA601 /* MatrixMath.cpp in Sources */,
				A14BB9B92349113D002DA601 /* main.cpp in Sources */,
			);
			runOnlyForDeploymentPostprocessing = 0;
		};
/* End PBXSourcesBuildPhase section */

/* Begin XCBuildConfiguration section */
		C632C3452318765F003BB237 /* Debug */ = {
			isa = XCBuildConfiguration;
			buildSettings = {
				ALWAYS_SEARCH_USER_PATHS = NO;
				CLANG_ANALYZER_NONNULL = YES;
				CLANG_ANALYZER_NUMBER_OBJECT_CONVERSION = YES_AGGRESSIVE;
				CLANG_CXX_LANGUAGE_STANDARD = "gnu++14";
				CLANG_CXX_LIBRARY = "libc++";
				CLANG_ENABLE_MODULES = YES;
				CLANG_ENABLE_OBJC_ARC = YES;
				CLANG_ENABLE_OBJC_WEAK = YES;
				CLANG_WARN_BLOCK_CAPTURE_AUTORELEASING = YES;
				CLANG_WARN_BOOL_CONVERSION = YES;
				CLANG_WARN_COMMA = YES;
				CLANG_WARN_CONSTANT_CONVERSION = YES;
				CLANG_WARN_DEPRECATED_OBJC_IMPLEMENTATIONS = YES;
				CLANG_WARN_DIRECT_OBJC_ISA_USAGE = YES_ERROR;
				CLANG_WARN_DOCUMENTATION_COMMENTS = YES;
				CLANG_WARN_EMPTY_BODY = YES;
				CLANG_WARN_ENUM_CONVERSION = YES;
				CLANG_WARN_INFINITE_RECURSION = YES;
				CLANG_WARN_INT_CONVERSION = YES;
				CLANG_WARN_NON_LITERAL_NULL_CONVERSION = YES;
				CLANG_WARN_OBJC_IMPLICIT_RETAIN_SELF = YES;
				CLANG_WARN_OBJC_LITERAL_CONVERSION = YES;
				CLANG_WARN_OBJC_ROOT_CLASS = YES_ERROR;
				CLANG_WARN_RANGE_LOOP_ANALYSIS = YES;
				CLANG_WARN_STRICT_PROTOTYPES = YES;
				CLANG_WARN_SUSPICIOUS_MOVE = YES;
				CLANG_WARN_UNGUARDED_AVAILABILITY = YES_AGGRESSIVE;
				CLANG_WARN_UNREACHABLE_CODE = YES;
				CLANG_WARN__DUPLICATE_METHOD_MATCH = YES;
				CODE_SIGN_IDENTITY = "-";
				COPY_PHASE_STRIP = NO;
				DEBUG_INFORMATION_FORMAT = dwarf;
				ENABLE_STRICT_OBJC_MSGSEND = YES;
				ENABLE_TESTABILITY = YES;
				GCC_C_LANGUAGE_STANDARD = gnu11;
				GCC_DYNAMIC_NO_PIC = NO;
				GCC_NO_COMMON_BLOCKS = YES;
				GCC_OPTIMIZATION_LEVEL = 0;
				GCC_PREPROCESSOR_DEFINITIONS = (
					"DEBUG=1",
					"$(inherited)",
				);
				GCC_WARN_64_TO_32_BIT_CONVERSION = YES;
				GCC_WARN_ABOUT_RETURN_TYPE = YES_ERROR;
				GCC_WARN_UNDECLARED_SELECTOR = YES;
				GCC_WARN_UNINITIALIZED_AUTOS = YES_AGGRESSIVE;
				GCC_WARN_UNUSED_FUNCTION = YES;
				GCC_WARN_UNUSED_VARIABLE = YES;
				MACOSX_DEPLOYMENT_TARGET = 10.14;
				MTL_ENABLE_DEBUG_INFO = INCLUDE_SOURCE;
				MTL_FAST_MATH = YES;
				ONLY_ACTIVE_ARCH = YES;
				SDKROOT = macosx;
			};
			name = Debug;
		};
		C632C3462318765F003BB237 /* Release */ = {
			isa = XCBuildConfiguration;
			buildSettings = {
				ALWAYS_SEARCH_USER_PATHS = NO;
				CLANG_ANALYZER_NONNULL = YES;
				CLANG_ANALYZER_NUMBER_OBJECT_CONVERSION = YES_AGGRESSIVE;
				CLANG_CXX_LANGUAGE_STANDARD = "gnu++14";
				CLANG_CXX_LIBRARY = "libc++";
				CLANG_ENABLE_MODULES = YES;
				CLANG_ENABLE_OBJC_ARC = YES;
				CLANG_ENABLE_OBJC_WEAK = YES;
				CLANG_WARN_BLOCK_CAPTURE_AUTORELEASING = YES;
				CLANG_WARN_BOOL_CONVERSION = YES;
				CLANG_WARN_COMMA = YES;
				CLANG_WARN_CONSTANT_CONVERSION = YES;
				CLANG_WARN_DEPRECATED_OBJC_IMPLEMENTATIONS = YES;
				CLANG_WARN_DIRECT_OBJC_ISA_USAGE = YES_ERROR;
				CLANG_WARN_DOCUMENTATION_COMMENTS = YES;
				CLANG_WARN_EMPTY_BODY = YES;
				CLANG_WARN_ENUM_CONVERSION = YES;
				CLANG_WARN_INFINITE_RECURSION = YES;
				CLANG_WARN_INT_CONVERSION = YES;
				CLANG_WARN_NON_LITERAL_NULL_CONVERSION = YES;
				CLANG_WARN_OBJC_IMPLICIT_RETAIN_SELF = YES;
				CLANG_WARN_OBJC_LITERAL_CONVERSION = YES;
				CLANG_WARN_OBJC_ROOT_CLASS = YES_ERROR;
				CLANG_WARN_RANGE_LOOP_ANALYSIS = YES;
				CLANG_WARN_STRICT_PROTOTYPES = YES;
				CLANG_WARN_SUSPICIOUS_MOVE = YES;
				CLANG_WARN_UNGUARDED_AVAILABILITY = YES_AGGRESSIVE;
				CLANG_WARN_UNREACHABLE_CODE = YES;
				CLANG_WARN__DUPLICATE_METHOD_MATCH = YES;
				CODE_SIGN_IDENTITY = "-";
				COPY_PHASE_STRIP = NO;
				DEBUG_INFORMATION_FORMAT = "dwarf-with-dsym";
				ENABLE_NS_ASSERTIONS = NO;
				ENABLE_STRICT_OBJC_MSGSEND = YES;
				GCC_C_LANGUAGE_STANDARD = gnu11;
				GCC_NO_COMMON_BLOCKS = YES;
				GCC_WARN_64_TO_32_BIT_CONVERSION = YES;
				GCC_WARN_ABOUT_RETURN_TYPE = YES_ERROR;
				GCC_WARN_UNDECLARED_SELECTOR = YES;
				GCC_WARN_UNINITIALIZED_AUTOS = YES_AGGRESSIVE;
				GCC_WARN_UNUSED_FUNCTION = YES;
				GCC_WARN_UNUSED_VARIABLE = YES;
				MACOSX_DEPLOYMENT_TARGET = 10.14;
				MTL_ENABLE_DEBUG_INFO = NO;
				MTL_FAST_MATH = YES;
				SDKROOT = macosx;
			};
			name = Release;
		};
		C632C3482318765F003BB237 /* Debug */ = {
			isa = XCBuildConfiguration;
			buildSettings = {
				ALTERNATE_OWNER = "";
				CLANG_OPTIMIZATION_PROFILE_FILE = "";
				CODE_SIGN_STYLE = Manual;
				DEVELOPMENT_TEAM = "";
				INSTALL_OWNER = "";
				MACOSX_DEPLOYMENT_TARGET = 10.8;
				PRODUCT_NAME = "$(TARGET_NAME)";
				PROVISIONING_PROFILE_SPECIFIER = "";
			};
			name = Debug;
		};
		C632C3492318765F003BB237 /* Release */ = {
			isa = XCBuildConfiguration;
			buildSettings = {
				ALTERNATE_OWNER = "";
				CLANG_OPTIMIZATION_PROFILE_FILE = "";
				CODE_SIGN_STYLE = Manual;
				DEVELOPMENT_TEAM = "";
				INSTALL_OWNER = "";
				MACOSX_DEPLOYMENT_TARGET = 10.8;
				PRODUCT_NAME = "$(TARGET_NAME)";
				PROVISIONING_PROFILE_SPECIFIER = "";
			};
			name = Release;
		};
/* End XCBuildConfiguration section */

/* Begin XCConfigurationList section */
		C632C33B2318765F003BB237 /* Build configuration list for PBXProject "KeyFraming" */ = {
			isa = XCConfigurationList;
			buildConfigurations = (
				C632C3452318765F003BB237 /* Debug */,
				C632C3462318765F003BB237 /* Release */,
			);
			defaultConfigurationIsVisible = 0;
			defaultConfigurationName = Release;
		};
		C632C3472318765F003BB237 /* Build configuration list for PBXNativeTarget "SimpleGlut" */ = {
			isa = XCConfigurationList;
			buildConfigurations = (
				C632C3482318765F003BB237 /* Debug */,
				C632C3492318765F003BB237 /* Release */,
			);
			defaultConfigurationIsVisible = 0;
			defaultConfigurationName = Release;
		};
/* End XCConfigurationList section */
	};
	rootObject = C632C3382318765F003BB237 /* Project object */;
}
